
Microsoft Visual Studio Solution File, Format Version 12.00
# Visual Studio Version 17
VisualStudioVersion = 17.8.34330.188
MinimumVisualStudioVersion = 10.0.40219.1
Project("{9A19103F-16F7-4668-BE54-9A1E7A4F7556}") = "NewZealandWalks", "NewZealandWalks\NewZealandWalks.csproj", "{4E56A6F1-5A69-4804-8E2A-E018AA33194E}"
EndProject
Project("{FAE04EC0-301F-11D3-BF4B-00C04F79EFBC}") = "NZWalks.UI", "NZWalks.UI\NZWalks.UI\NZWalks.UI.csproj", "{BE2262C1-F1E2-45BA-8A54-8A17C7317D9C}"
EndProject
Global
	GlobalSection(SolutionConfigurationPlatforms) = preSolution
		Debug|Any CPU = Debug|Any CPU
		Release|Any CPU = Release|Any CPU
	EndGlobalSection
	GlobalSection(ProjectConfigurationPlatforms) = postSolution
		{4E56A6F1-5A69-4804-8E2A-E018AA33194E}.Debug|Any CPU.ActiveCfg = Debug|Any CPU
		{4E56A6F1-5A69-4804-8E2A-E018AA33194E}.Debug|Any CPU.Build.0 = Debug|Any CPU
		{4E56A6F1-5A69-4804-8E2A-E018AA33194E}.Release|Any CPU.ActiveCfg = Release|Any CPU
		{4E56A6F1-5A69-4804-8E2A-E018AA33194E}.Release|Any CPU.Build.0 = Release|Any CPU
		{BE2262C1-F1E2-45BA-8A54-8A17C7317D9C}.Debug|Any CPU.ActiveCfg = Debug|Any CPU
		{BE2262C1-F1E2-45BA-8A54-8A17C7317D9C}.Debug|Any CPU.Build.0 = Debug|Any CPU
		{BE2262C1-F1E2-45BA-8A54-8A17C7317D9C}.Release|Any CPU.ActiveCfg = Release|Any CPU
		{BE2262C1-F1E2-45BA-8A54-8A17C7317D9C}.Release|Any CPU.Build.0 = Release|Any CPU
	EndGlobalSection
	GlobalSection(SolutionProperties) = preSolution
		HideSolutionNode = FALSE
	EndGlobalSection
	GlobalSection(ExtensibilityGlobals) = postSolution
		SolutionGuid = {D6D9B69C-351B-4178-9F14-2D819E2F06F8}
	EndGlobalSection
EndGlobal
